
Microsoft Visual Studio Solution File, Format Version 12.00
# Visual Studio Version 17
VisualStudioVersion = 17.14.36221.1 d17.14
MinimumVisualStudioVersion = 10.0.40219.1
Project("{FAE04EC0-301F-11D3-BF4B-00C04F79EFBC}") = "RoleBasedMenuApp", "RoleBasedMenuApp\RoleBasedMenuApp.csproj", "{5BBEE8F5-034B-4ADC-B7F3-70D67AF165DF}"
EndProject
Global
	GlobalSection(SolutionConfigurationPlatforms) = preSolution
		Debug|Any CPU = Debug|Any CPU
		Release|Any CPU = Release|Any CPU
	EndGlobalSection
	GlobalSection(ProjectConfigurationPlatforms) = postSolution
		{5BBEE8F5-034B-4ADC-B7F3-70D67AF165DF}.Debug|Any CPU.ActiveCfg = Debug|Any CPU
		{5BBEE8F5-034B-4ADC-B7F3-70D67AF165DF}.Debug|Any CPU.Build.0 = Debug|Any CPU
		{5BBEE8F5-034B-4ADC-B7F3-70D67AF165DF}.Release|Any CPU.ActiveCfg = Release|Any CPU
		{5BBEE8F5-034B-4ADC-B7F3-70D67AF165DF}.Release|Any CPU.Build.0 = Release|Any CPU
	EndGlobalSection
	GlobalSection(SolutionProperties) = preSolution
		HideSolutionNode = FALSE
	EndGlobalSection
	GlobalSection(ExtensibilityGlobals) = postSolution
		SolutionGuid = {32245A75-B582-4CB4-BA70-FD04F051F9F4}
	EndGlobalSection
EndGlobal
